{
    "version": 3,
    "terraform_version": "0.9.9",
    "serial": 52,
    "lineage": "674acbca-8020-45bf-b05c-6d83c246cb13",
    "modules": [
        {
            "path": [
                "root"
            ],
            "outputs": {
                "entry_point": {
                    "sensitive": false,
                    "type": "string",
                    "value": "stage-wip-020817-641312980.eu-central-1.elb.amazonaws.com"
                }
            },
            "resources": {},
            "depends_on": []
        },
        {
            "path": [
                "root",
                "webcluster"
            ],
            "outputs": {
                "elb_dns_name": {
                    "sensitive": false,
                    "type": "string",
                    "value": "stage-wip-020817-641312980.eu-central-1.elb.amazonaws.com"
                }
            },
            "resources": {
                "aws_autoscaling_group.wip-020817": {
                    "type": "aws_autoscaling_group",
                    "depends_on": [
                        "aws_elb.wip-elb",
                        "aws_launch_configuration.wip-020817",
                        "data.aws_availability_zones.all"
                    ],
                    "primary": {
                        "id": "tf-asg-008b55d6f2f25c4b3520bcb9aa",
                        "attributes": {
                            "arn": "arn:aws:autoscaling:eu-central-1:499604764704:autoScalingGroup:71b1a5a8-607b-4521-8c5b-a9033a5588f2:autoScalingGroupName/tf-asg-008b55d6f2f25c4b3520bcb9aa",
                            "availability_zones.#": "3",
                            "availability_zones.1126047633": "eu-central-1a",
                            "availability_zones.2903539389": "eu-central-1c",
                            "availability_zones.3658960427": "eu-central-1b",
                            "default_cooldown": "300",
                            "desired_capacity": "2",
                            "force_delete": "false",
                            "health_check_grace_period": "300",
                            "health_check_type": "ELB",
                            "id": "tf-asg-008b55d6f2f25c4b3520bcb9aa",
                            "launch_configuration": "terraform-008b55d6f2f25c4b3520bcb9a9",
                            "load_balancers.#": "1",
                            "load_balancers.2497313357": "stage-wip-020817",
                            "max_size": "5",
                            "metrics_granularity": "1Minute",
                            "min_size": "2",
                            "name": "tf-asg-008b55d6f2f25c4b3520bcb9aa",
                            "placement_group": "",
                            "protect_from_scale_in": "false",
                            "suspended_processes.#": "0",
                            "tag.#": "1",
                            "tag.3351037757.key": "Name",
                            "tag.3351037757.propagate_at_launch": "true",
                            "tag.3351037757.value": "stage-wip-asg-060817",
                            "target_group_arns.#": "0",
                            "termination_policies.#": "0",
                            "vpc_zone_identifier.#": "1",
                            "vpc_zone_identifier.0": "",
                            "wait_for_capacity_timeout": "10m"
                        },
                        "meta": {},
                        "tainted": false
                    },
                    "deposed": [],
                    "provider": ""
                },
                "aws_elb.wip-elb": {
                    "type": "aws_elb",
                    "depends_on": [
                        "aws_security_group.elb",
                        "data.aws_availability_zones.all"
                    ],
                    "primary": {
                        "id": "stage-wip-020817",
                        "attributes": {
                            "access_logs.#": "0",
                            "availability_zones.#": "3",
                            "availability_zones.1126047633": "eu-central-1a",
                            "availability_zones.2903539389": "eu-central-1c",
                            "availability_zones.3658960427": "eu-central-1b",
                            "connection_draining": "false",
                            "connection_draining_timeout": "300",
                            "cross_zone_load_balancing": "true",
                            "dns_name": "stage-wip-020817-641312980.eu-central-1.elb.amazonaws.com",
                            "health_check.#": "1",
                            "health_check.0.healthy_threshold": "2",
                            "health_check.0.interval": "30",
                            "health_check.0.target": "HTTP:9090/",
                            "health_check.0.timeout": "3",
                            "health_check.0.unhealthy_threshold": "2",
                            "id": "stage-wip-020817",
                            "idle_timeout": "60",
                            "instances.#": "2",
                            "instances.2707806380": "i-0065d7c34e3f6463f",
                            "instances.3458852442": "i-02f93879a67676ad4",
                            "internal": "false",
                            "listener.#": "1",
                            "listener.3122251624.instance_port": "9090",
                            "listener.3122251624.instance_protocol": "http",
                            "listener.3122251624.lb_port": "80",
                            "listener.3122251624.lb_protocol": "http",
                            "listener.3122251624.ssl_certificate_id": "",
                            "name": "stage-wip-020817",
                            "security_groups.#": "1",
                            "security_groups.1394777802": "sg-16f0f37d",
                            "source_security_group": "499604764704/stage-elb",
                            "source_security_group_id": "sg-16f0f37d",
                            "subnets.#": "3",
                            "subnets.1068117202": "subnet-ad92cec4",
                            "subnets.1463080613": "subnet-f28ba1b8",
                            "subnets.427661455": "subnet-3d512246",
                            "tags.%": "0",
                            "zone_id": "Z215JYRZR1TBD5"
                        },
                        "meta": {},
                        "tainted": false
                    },
                    "deposed": [],
                    "provider": ""
                },
                "aws_launch_configuration.wip-020817": {
                    "type": "aws_launch_configuration",
                    "depends_on": [
                        "aws_security_group.instance",
                        "aws_security_group.instance2",
                        "data.template_file.user_data"
                    ],
                    "primary": {
                        "id": "terraform-008b55d6f2f25c4b3520bcb9a9",
                        "attributes": {
                            "associate_public_ip_address": "false",
                            "ebs_block_device.#": "0",
                            "ebs_optimized": "false",
                            "enable_monitoring": "true",
                            "ephemeral_block_device.#": "0",
                            "iam_instance_profile": "",
                            "id": "terraform-008b55d6f2f25c4b3520bcb9a9",
                            "image_id": "ami-1e339e71",
                            "instance_type": "t2.micro",
                            "key_name": "mpopa",
                            "name": "terraform-008b55d6f2f25c4b3520bcb9a9",
                            "root_block_device.#": "0",
                            "security_groups.#": "2",
                            "security_groups.3646739836": "sg-52f6f539",
                            "security_groups.572125303": "sg-90f6f5fb",
                            "spot_price": "",
                            "user_data": "4ffe4a988437b1ede9f05206287383b465b4df57",
                            "vpc_classic_link_id": "",
                            "vpc_classic_link_security_groups.#": "0"
                        },
                        "meta": {},
                        "tainted": false
                    },
                    "deposed": [],
                    "provider": ""
                },
                "aws_security_group.elb": {
                    "type": "aws_security_group",
                    "depends_on": [],
                    "primary": {
                        "id": "sg-16f0f37d",
                        "attributes": {
                            "description": "Managed by Terraform",
                            "egress.#": "1",
                            "egress.482069346.cidr_blocks.#": "1",
                            "egress.482069346.cidr_blocks.0": "0.0.0.0/0",
                            "egress.482069346.from_port": "0",
                            "egress.482069346.ipv6_cidr_blocks.#": "0",
                            "egress.482069346.prefix_list_ids.#": "0",
                            "egress.482069346.protocol": "-1",
                            "egress.482069346.security_groups.#": "0",
                            "egress.482069346.self": "false",
                            "egress.482069346.to_port": "0",
                            "id": "sg-16f0f37d",
                            "ingress.#": "1",
                            "ingress.2214680975.cidr_blocks.#": "1",
                            "ingress.2214680975.cidr_blocks.0": "0.0.0.0/0",
                            "ingress.2214680975.from_port": "80",
                            "ingress.2214680975.ipv6_cidr_blocks.#": "0",
                            "ingress.2214680975.protocol": "tcp",
                            "ingress.2214680975.security_groups.#": "0",
                            "ingress.2214680975.self": "false",
                            "ingress.2214680975.to_port": "80",
                            "name": "stage-elb",
                            "owner_id": "499604764704",
                            "tags.%": "0",
                            "vpc_id": "vpc-63bbfe0a"
                        },
                        "meta": {},
                        "tainted": false
                    },
                    "deposed": [],
                    "provider": ""
                },
                "aws_security_group.instance": {
                    "type": "aws_security_group",
                    "depends_on": [],
                    "primary": {
                        "id": "sg-52f6f539",
                        "attributes": {
                            "description": "Managed by Terraform",
                            "egress.#": "0",
                            "id": "sg-52f6f539",
                            "ingress.#": "1",
                            "ingress.501830036.cidr_blocks.#": "1",
                            "ingress.501830036.cidr_blocks.0": "0.0.0.0/0",
                            "ingress.501830036.from_port": "9090",
                            "ingress.501830036.ipv6_cidr_blocks.#": "0",
                            "ingress.501830036.protocol": "tcp",
                            "ingress.501830036.security_groups.#": "0",
                            "ingress.501830036.self": "false",
                            "ingress.501830036.to_port": "9090",
                            "name": "stage-wip-020817",
                            "owner_id": "499604764704",
                            "tags.%": "0",
                            "vpc_id": "vpc-63bbfe0a"
                        },
                        "meta": {},
                        "tainted": false
                    },
                    "deposed": [],
                    "provider": ""
                },
                "aws_security_group.instance2": {
                    "type": "aws_security_group",
                    "depends_on": [],
                    "primary": {
                        "id": "sg-90f6f5fb",
                        "attributes": {
                            "description": "Managed by Terraform",
                            "egress.#": "0",
                            "id": "sg-90f6f5fb",
                            "ingress.#": "1",
                            "ingress.3824500647.cidr_blocks.#": "2",
                            "ingress.3824500647.cidr_blocks.0": "78.96.101.50/32",
                            "ingress.3824500647.cidr_blocks.1": "109.166.0.0/16",
                            "ingress.3824500647.from_port": "22",
                            "ingress.3824500647.ipv6_cidr_blocks.#": "0",
                            "ingress.3824500647.protocol": "tcp",
                            "ingress.3824500647.security_groups.#": "0",
                            "ingress.3824500647.self": "false",
                            "ingress.3824500647.to_port": "22",
                            "name": "stage-wip-170817",
                            "owner_id": "499604764704",
                            "tags.%": "0",
                            "vpc_id": "vpc-63bbfe0a"
                        },
                        "meta": {},
                        "tainted": false
                    },
                    "deposed": [],
                    "provider": ""
                },
                "data.aws_availability_zones.all": {
                    "type": "aws_availability_zones",
                    "depends_on": [],
                    "primary": {
                        "id": "2017-08-20 11:23:01.081382322 +0000 UTC",
                        "attributes": {
                            "id": "2017-08-20 11:23:01.081382322 +0000 UTC",
                            "names.#": "3",
                            "names.0": "eu-central-1a",
                            "names.1": "eu-central-1b",
                            "names.2": "eu-central-1c"
                        },
                        "meta": {},
                        "tainted": false
                    },
                    "deposed": [],
                    "provider": ""
                },
                "data.template_file.user_data": {
                    "type": "template_file",
                    "depends_on": [
                        "data.terraform_remote_state.dbs"
                    ],
                    "primary": {
                        "id": "c420db467cfa7228bc7e07df9f670314d51beb5da45bf78cd47e3b5e948ecf46",
                        "attributes": {
                            "id": "c420db467cfa7228bc7e07df9f670314d51beb5da45bf78cd47e3b5e948ecf46",
                            "rendered": "#!/bin/bash\n\ncat \u003e index.html \u003c\u003cEOF\n\u003ch1\u003e___\u003c/h1\u003e\n\u003cp\u003es: terraform-00c25d559cb6bb7ebaa9aa7946.cmfjiaaihr1a.eu-central-1.rds.amazonaws.com\u003c/p\u003e\n\u003cp\u003ess: 3306\u003c/p\u003e\nEOF\n\nnohup busybox httpd -f -p \"9090\" \u0026\n",
                            "template": "#!/bin/bash\n\ncat \u003e index.html \u003c\u003cEOF\n\u003ch1\u003e___\u003c/h1\u003e\n\u003cp\u003es: ${db_address}\u003c/p\u003e\n\u003cp\u003ess: ${db_port}\u003c/p\u003e\nEOF\n\nnohup busybox httpd -f -p \"${server_port}\" \u0026\n",
                            "vars.%": "3",
                            "vars.db_address": "terraform-00c25d559cb6bb7ebaa9aa7946.cmfjiaaihr1a.eu-central-1.rds.amazonaws.com",
                            "vars.db_port": "3306",
                            "vars.server_port": "9090"
                        },
                        "meta": {},
                        "tainted": false
                    },
                    "deposed": [],
                    "provider": ""
                },
                "data.terraform_remote_state.dbs": {
                    "type": "terraform_remote_state",
                    "depends_on": [],
                    "primary": {
                        "id": "2017-08-20 11:23:01.69531982 +0000 UTC",
                        "attributes": {
                            "address": "terraform-00c25d559cb6bb7ebaa9aa7946.cmfjiaaihr1a.eu-central-1.rds.amazonaws.com",
                            "backend": "s3",
                            "config.%": "5",
                            "config.bucket": "wip-tf-state-080817",
                            "config.encrypt": "1",
                            "config.key": "dbs",
                            "config.profile": "cyclones-dev",
                            "config.region": "eu-central-1",
                            "environment": "mattf",
                            "id": "2017-08-20 11:23:01.69531982 +0000 UTC",
                            "port": "3306"
                        },
                        "meta": {},
                        "tainted": false
                    },
                    "deposed": [],
                    "provider": ""
                }
            },
            "depends_on": []
        }
    ]
}
