{
    "version": 3,
    "terraform_version": "0.9.9",
    "serial": 3,
    "lineage": "86407b45-5faa-43ed-ada8-ec65786ff7a8",
    "modules": [
        {
            "path": [
                "root"
            ],
            "outputs": {
                "entry_point": {
                    "sensitive": false,
                    "type": "string",
                    "value": "prod-wip-020817-713509028.eu-central-1.elb.amazonaws.com"
                }
            },
            "resources": {},
            "depends_on": []
        },
        {
            "path": [
                "root",
                "webcluster"
            ],
            "outputs": {
                "elb_dns_name": {
                    "sensitive": false,
                    "type": "string",
                    "value": "prod-wip-020817-713509028.eu-central-1.elb.amazonaws.com"
                }
            },
            "resources": {
                "aws_autoscaling_group.wip-020817": {
                    "type": "aws_autoscaling_group",
                    "depends_on": [
                        "aws_elb.wip-elb",
                        "aws_launch_configuration.wip-020817",
                        "data.aws_availability_zones.all"
                    ],
                    "primary": {
                        "id": "tf-asg-00b29886b2f340aaf871ebb24b",
                        "attributes": {
                            "arn": "arn:aws:autoscaling:eu-central-1:499604764704:autoScalingGroup:70fb5d05-770d-47c3-b5bc-4b6cd570fa9a:autoScalingGroupName/tf-asg-00b29886b2f340aaf871ebb24b",
                            "availability_zones.#": "3",
                            "availability_zones.1126047633": "eu-central-1a",
                            "availability_zones.2903539389": "eu-central-1c",
                            "availability_zones.3658960427": "eu-central-1b",
                            "default_cooldown": "300",
                            "desired_capacity": "2",
                            "force_delete": "false",
                            "health_check_grace_period": "300",
                            "health_check_type": "ELB",
                            "id": "tf-asg-00b29886b2f340aaf871ebb24b",
                            "launch_configuration": "terraform-00b29886b2f340aaf871ebb24a",
                            "load_balancers.#": "1",
                            "load_balancers.135681730": "prod-wip-020817",
                            "max_size": "5",
                            "metrics_granularity": "1Minute",
                            "min_size": "2",
                            "name": "tf-asg-00b29886b2f340aaf871ebb24b",
                            "placement_group": "",
                            "protect_from_scale_in": "false",
                            "suspended_processes.#": "0",
                            "tag.#": "1",
                            "tag.3343963123.key": "Name",
                            "tag.3343963123.propagate_at_launch": "true",
                            "tag.3343963123.value": "prod-wip-asg-060817",
                            "target_group_arns.#": "0",
                            "termination_policies.#": "0",
                            "vpc_zone_identifier.#": "1",
                            "vpc_zone_identifier.0": "",
                            "wait_for_capacity_timeout": "10m"
                        },
                        "meta": {},
                        "tainted": false
                    },
                    "deposed": [],
                    "provider": ""
                },
                "aws_elb.wip-elb": {
                    "type": "aws_elb",
                    "depends_on": [
                        "aws_security_group.elb",
                        "data.aws_availability_zones.all"
                    ],
                    "primary": {
                        "id": "prod-wip-020817",
                        "attributes": {
                            "access_logs.#": "0",
                            "availability_zones.#": "3",
                            "availability_zones.1126047633": "eu-central-1a",
                            "availability_zones.2903539389": "eu-central-1c",
                            "availability_zones.3658960427": "eu-central-1b",
                            "connection_draining": "false",
                            "connection_draining_timeout": "300",
                            "cross_zone_load_balancing": "true",
                            "dns_name": "prod-wip-020817-713509028.eu-central-1.elb.amazonaws.com",
                            "health_check.#": "1",
                            "health_check.0.healthy_threshold": "2",
                            "health_check.0.interval": "30",
                            "health_check.0.target": "HTTP:9090/",
                            "health_check.0.timeout": "3",
                            "health_check.0.unhealthy_threshold": "2",
                            "id": "prod-wip-020817",
                            "idle_timeout": "60",
                            "instances.#": "2",
                            "instances.1811428904": "i-0327e774db55eb3d8",
                            "instances.3034701244": "i-0f0594ce940347753",
                            "internal": "false",
                            "listener.#": "1",
                            "listener.3122251624.instance_port": "9090",
                            "listener.3122251624.instance_protocol": "http",
                            "listener.3122251624.lb_port": "80",
                            "listener.3122251624.lb_protocol": "http",
                            "listener.3122251624.ssl_certificate_id": "",
                            "name": "prod-wip-020817",
                            "security_groups.#": "1",
                            "security_groups.1339869536": "sg-5ef4f735",
                            "source_security_group": "499604764704/prod-elb",
                            "source_security_group_id": "sg-5ef4f735",
                            "subnets.#": "3",
                            "subnets.1068117202": "subnet-ad92cec4",
                            "subnets.1463080613": "subnet-f28ba1b8",
                            "subnets.427661455": "subnet-3d512246",
                            "tags.%": "0",
                            "zone_id": "Z215JYRZR1TBD5"
                        },
                        "meta": {},
                        "tainted": false
                    },
                    "deposed": [],
                    "provider": ""
                },
                "aws_launch_configuration.wip-020817": {
                    "type": "aws_launch_configuration",
                    "depends_on": [
                        "aws_security_group.instance",
                        "aws_security_group.instance2",
                        "data.template_file.user_data"
                    ],
                    "primary": {
                        "id": "terraform-00b29886b2f340aaf871ebb24a",
                        "attributes": {
                            "associate_public_ip_address": "false",
                            "ebs_block_device.#": "0",
                            "ebs_optimized": "false",
                            "enable_monitoring": "true",
                            "ephemeral_block_device.#": "0",
                            "iam_instance_profile": "",
                            "id": "terraform-00b29886b2f340aaf871ebb24a",
                            "image_id": "ami-1e339e71",
                            "instance_type": "t2.micro",
                            "key_name": "mpopa",
                            "name": "terraform-00b29886b2f340aaf871ebb24a",
                            "root_block_device.#": "0",
                            "security_groups.#": "2",
                            "security_groups.1889702766": "sg-5df4f736",
                            "security_groups.382367871": "sg-e2f4f789",
                            "spot_price": "",
                            "user_data": "ac92457590bf2e051b7d6cea39c145688d984dbe",
                            "vpc_classic_link_id": "",
                            "vpc_classic_link_security_groups.#": "0"
                        },
                        "meta": {},
                        "tainted": false
                    },
                    "deposed": [],
                    "provider": ""
                },
                "aws_security_group.elb": {
                    "type": "aws_security_group",
                    "depends_on": [],
                    "primary": {
                        "id": "sg-5ef4f735",
                        "attributes": {
                            "description": "Managed by Terraform",
                            "egress.#": "1",
                            "egress.482069346.cidr_blocks.#": "1",
                            "egress.482069346.cidr_blocks.0": "0.0.0.0/0",
                            "egress.482069346.from_port": "0",
                            "egress.482069346.ipv6_cidr_blocks.#": "0",
                            "egress.482069346.prefix_list_ids.#": "0",
                            "egress.482069346.protocol": "-1",
                            "egress.482069346.security_groups.#": "0",
                            "egress.482069346.self": "false",
                            "egress.482069346.to_port": "0",
                            "id": "sg-5ef4f735",
                            "ingress.#": "1",
                            "ingress.2214680975.cidr_blocks.#": "1",
                            "ingress.2214680975.cidr_blocks.0": "0.0.0.0/0",
                            "ingress.2214680975.from_port": "80",
                            "ingress.2214680975.ipv6_cidr_blocks.#": "0",
                            "ingress.2214680975.protocol": "tcp",
                            "ingress.2214680975.security_groups.#": "0",
                            "ingress.2214680975.self": "false",
                            "ingress.2214680975.to_port": "80",
                            "name": "prod-elb",
                            "owner_id": "499604764704",
                            "tags.%": "0",
                            "vpc_id": "vpc-63bbfe0a"
                        },
                        "meta": {},
                        "tainted": false
                    },
                    "deposed": [],
                    "provider": ""
                },
                "aws_security_group.instance": {
                    "type": "aws_security_group",
                    "depends_on": [],
                    "primary": {
                        "id": "sg-e2f4f789",
                        "attributes": {
                            "description": "Managed by Terraform",
                            "egress.#": "0",
                            "id": "sg-e2f4f789",
                            "ingress.#": "1",
                            "ingress.501830036.cidr_blocks.#": "1",
                            "ingress.501830036.cidr_blocks.0": "0.0.0.0/0",
                            "ingress.501830036.from_port": "9090",
                            "ingress.501830036.ipv6_cidr_blocks.#": "0",
                            "ingress.501830036.protocol": "tcp",
                            "ingress.501830036.security_groups.#": "0",
                            "ingress.501830036.self": "false",
                            "ingress.501830036.to_port": "9090",
                            "name": "prod-wip-020817",
                            "owner_id": "499604764704",
                            "tags.%": "0",
                            "vpc_id": "vpc-63bbfe0a"
                        },
                        "meta": {},
                        "tainted": false
                    },
                    "deposed": [],
                    "provider": ""
                },
                "aws_security_group.instance2": {
                    "type": "aws_security_group",
                    "depends_on": [],
                    "primary": {
                        "id": "sg-5df4f736",
                        "attributes": {
                            "description": "Managed by Terraform",
                            "egress.#": "0",
                            "id": "sg-5df4f736",
                            "ingress.#": "1",
                            "ingress.3824500647.cidr_blocks.#": "2",
                            "ingress.3824500647.cidr_blocks.0": "78.96.101.50/32",
                            "ingress.3824500647.cidr_blocks.1": "109.166.0.0/16",
                            "ingress.3824500647.from_port": "22",
                            "ingress.3824500647.ipv6_cidr_blocks.#": "0",
                            "ingress.3824500647.protocol": "tcp",
                            "ingress.3824500647.security_groups.#": "0",
                            "ingress.3824500647.self": "false",
                            "ingress.3824500647.to_port": "22",
                            "name": "prod-wip-170817",
                            "owner_id": "499604764704",
                            "tags.%": "0",
                            "vpc_id": "vpc-63bbfe0a"
                        },
                        "meta": {},
                        "tainted": false
                    },
                    "deposed": [],
                    "provider": ""
                },
                "data.aws_availability_zones.all": {
                    "type": "aws_availability_zones",
                    "depends_on": [],
                    "primary": {
                        "id": "2017-08-20 11:23:21.823710184 +0000 UTC",
                        "attributes": {
                            "id": "2017-08-20 11:23:21.823710184 +0000 UTC",
                            "names.#": "3",
                            "names.0": "eu-central-1a",
                            "names.1": "eu-central-1b",
                            "names.2": "eu-central-1c"
                        },
                        "meta": {},
                        "tainted": false
                    },
                    "deposed": [],
                    "provider": ""
                },
                "data.template_file.user_data": {
                    "type": "template_file",
                    "depends_on": [
                        "data.terraform_remote_state.dbs"
                    ],
                    "primary": {
                        "id": "b3b30eb847a1842ea434666e7af528d86931eb40b79d8c8baa1a163c4b106c50",
                        "attributes": {
                            "id": "b3b30eb847a1842ea434666e7af528d86931eb40b79d8c8baa1a163c4b106c50",
                            "rendered": "#!/bin/bash\n\ncat \u003e index.html \u003c\u003cEOF\n\u003ch1\u003e___\u003c/h1\u003e\n\u003cp\u003es: terraform-0093fb7d2411d88151dd0c82da.cmfjiaaihr1a.eu-central-1.rds.amazonaws.com\u003c/p\u003e\n\u003cp\u003ess: 3306\u003c/p\u003e\nEOF\n\nnohup busybox httpd -f -p \"9090\" \u0026\n",
                            "template": "#!/bin/bash\n\ncat \u003e index.html \u003c\u003cEOF\n\u003ch1\u003e___\u003c/h1\u003e\n\u003cp\u003es: ${db_address}\u003c/p\u003e\n\u003cp\u003ess: ${db_port}\u003c/p\u003e\nEOF\n\nnohup busybox httpd -f -p \"${server_port}\" \u0026\n",
                            "vars.%": "3",
                            "vars.db_address": "terraform-0093fb7d2411d88151dd0c82da.cmfjiaaihr1a.eu-central-1.rds.amazonaws.com",
                            "vars.db_port": "3306",
                            "vars.server_port": "9090"
                        },
                        "meta": {},
                        "tainted": false
                    },
                    "deposed": [],
                    "provider": ""
                },
                "data.terraform_remote_state.dbs": {
                    "type": "terraform_remote_state",
                    "depends_on": [],
                    "primary": {
                        "id": "2017-08-20 11:23:24.095717424 +0000 UTC",
                        "attributes": {
                            "address": "terraform-0093fb7d2411d88151dd0c82da.cmfjiaaihr1a.eu-central-1.rds.amazonaws.com",
                            "backend": "s3",
                            "config.%": "5",
                            "config.bucket": "wip-tf-state-080817",
                            "config.encrypt": "1",
                            "config.key": "dbs",
                            "config.profile": "cyclones-dev",
                            "config.region": "eu-central-1",
                            "environment": "mattf2",
                            "id": "2017-08-20 11:23:24.095717424 +0000 UTC",
                            "port": "3306"
                        },
                        "meta": {},
                        "tainted": false
                    },
                    "deposed": [],
                    "provider": ""
                }
            },
            "depends_on": []
        }
    ]
}
