{
    "version": 3,
    "terraform_version": "0.9.9",
    "serial": 18,
    "lineage": "50eea556-3784-4b9e-aa64-094500b0cb3c",
    "modules": [
        {
            "path": [
                "root"
            ],
            "outputs": {
                "address": {
                    "sensitive": false,
                    "type": "string",
                    "value": "terraform-00e876a7ebf3a5f20584059b47.cmfjiaaihr1a.eu-central-1.rds.amazonaws.com"
                },
                "port": {
                    "sensitive": false,
                    "type": "string",
                    "value": "3306"
                }
            },
            "resources": {},
            "depends_on": []
        },
        {
            "path": [
                "root",
                "dbs"
            ],
            "outputs": {
                "db_address": {
                    "sensitive": false,
                    "type": "string",
                    "value": "terraform-00e876a7ebf3a5f20584059b47.cmfjiaaihr1a.eu-central-1.rds.amazonaws.com"
                },
                "db_port": {
                    "sensitive": false,
                    "type": "string",
                    "value": "3306"
                }
            },
            "resources": {
                "aws_db_instance.wipdb080817": {
                    "type": "aws_db_instance",
                    "depends_on": [],
                    "primary": {
                        "id": "terraform-00e876a7ebf3a5f20584059b47",
                        "attributes": {
                            "address": "terraform-00e876a7ebf3a5f20584059b47.cmfjiaaihr1a.eu-central-1.rds.amazonaws.com",
                            "allocated_storage": "10",
                            "arn": "arn:aws:rds:eu-central-1:499604764704:db:terraform-00e876a7ebf3a5f20584059b47",
                            "auto_minor_version_upgrade": "true",
                            "availability_zone": "eu-central-1c",
                            "backup_retention_period": "0",
                            "backup_window": "22:03-22:33",
                            "copy_tags_to_snapshot": "false",
                            "db_subnet_group_name": "default",
                            "endpoint": "terraform-00e876a7ebf3a5f20584059b47.cmfjiaaihr1a.eu-central-1.rds.amazonaws.com:3306",
                            "engine": "mysql",
                            "engine_version": "5.6.35",
                            "hosted_zone_id": "Z1RLNUO7B9Q6NB",
                            "iam_database_authentication_enabled": "false",
                            "id": "terraform-00e876a7ebf3a5f20584059b47",
                            "identifier": "terraform-00e876a7ebf3a5f20584059b47",
                            "instance_class": "db.t2.micro",
                            "iops": "0",
                            "kms_key_id": "",
                            "license_model": "general-public-license",
                            "maintenance_window": "sat:22:59-sat:23:29",
                            "monitoring_interval": "0",
                            "multi_az": "false",
                            "name": "mattf",
                            "option_group_name": "default:mysql-5-6",
                            "parameter_group_name": "default.mysql5.6",
                            "password": "{var.dbs_pass}",
                            "port": "3306",
                            "publicly_accessible": "false",
                            "replicas.#": "0",
                            "replicate_source_db": "",
                            "resource_id": "db-GSAKVO454BL6DKOAIT5322LVB4",
                            "security_group_names.#": "0",
                            "skip_final_snapshot": "true",
                            "status": "available",
                            "storage_encrypted": "false",
                            "storage_type": "standard",
                            "tags.%": "0",
                            "timezone": "",
                            "username": "toor",
                            "vpc_security_group_ids.#": "1",
                            "vpc_security_group_ids.939900146": "sg-160f067f"
                        },
                        "meta": {
                            "e2bfb730-ecaa-11e6-8f88-34363bc7c4c0": {
                                "create": 2400000000000,
                                "delete": 2400000000000,
                                "update": 4800000000000
                            }
                        },
                        "tainted": false
                    },
                    "deposed": [],
                    "provider": ""
                }
            },
            "depends_on": []
        }
    ]
}
