{
    "version": 3,
    "terraform_version": "0.9.9",
    "serial": 1,
    "lineage": "f48091fc-638a-4c24-825a-23b7ba4b90ad",
    "modules": [
        {
            "path": [
                "root"
            ],
            "outputs": {},
            "resources": {},
            "depends_on": []
        },
        {
            "path": [
                "root",
                "dbs"
            ],
            "outputs": {},
            "resources": {
                "aws_db_instance.wipdb080817": {
                    "type": "aws_db_instance",
                    "depends_on": [],
                    "primary": {
                        "id": "terraform-00d23f59e052e0c54d33f473e9",
                        "attributes": {
                            "address": "terraform-00d23f59e052e0c54d33f473e9.cmfjiaaihr1a.eu-central-1.rds.amazonaws.com",
                            "allocated_storage": "10",
                            "arn": "arn:aws:rds:eu-central-1:499604764704:db:terraform-00d23f59e052e0c54d33f473e9",
                            "auto_minor_version_upgrade": "true",
                            "availability_zone": "eu-central-1b",
                            "backup_retention_period": "0",
                            "backup_window": "22:50-23:20",
                            "copy_tags_to_snapshot": "false",
                            "db_subnet_group_name": "default",
                            "endpoint": "terraform-00d23f59e052e0c54d33f473e9.cmfjiaaihr1a.eu-central-1.rds.amazonaws.com:3306",
                            "engine": "mysql",
                            "engine_version": "5.6.35",
                            "hosted_zone_id": "Z1RLNUO7B9Q6NB",
                            "iam_database_authentication_enabled": "false",
                            "id": "terraform-00d23f59e052e0c54d33f473e9",
                            "identifier": "terraform-00d23f59e052e0c54d33f473e9",
                            "instance_class": "db.t2.micro",
                            "iops": "0",
                            "kms_key_id": "",
                            "license_model": "general-public-license",
                            "maintenance_window": "fri:03:10-fri:03:40",
                            "monitoring_interval": "0",
                            "multi_az": "false",
                            "name": "mattf2",
                            "option_group_name": "default:mysql-5-6",
                            "parameter_group_name": "default.mysql5.6",
                            "password": "$dbs_pass",
                            "port": "3306",
                            "publicly_accessible": "false",
                            "replicas.#": "0",
                            "replicate_source_db": "",
                            "resource_id": "db-RINCSU6RH6YUQWOJXC3AG3RBMQ",
                            "security_group_names.#": "0",
                            "skip_final_snapshot": "true",
                            "status": "available",
                            "storage_encrypted": "false",
                            "storage_type": "standard",
                            "tags.%": "0",
                            "timezone": "",
                            "username": "toor",
                            "vpc_security_group_ids.#": "1",
                            "vpc_security_group_ids.939900146": "sg-160f067f"
                        },
                        "meta": {
                            "e2bfb730-ecaa-11e6-8f88-34363bc7c4c0": {
                                "create": 2400000000000,
                                "delete": 2400000000000,
                                "update": 4800000000000
                            }
                        },
                        "tainted": false
                    },
                    "deposed": [],
                    "provider": ""
                }
            },
            "depends_on": []
        }
    ]
}
